{
  "lockfileVersion": 1,
  "workspaces": {
    "": {
      "name": "@scaleformui/v8",
      "devDependencies": {
        "@citizenfx/client": "^2.0.6624-1",
        "bun-types": "^1.3.1",
        "typescript": "^5.1.6",
      },
    },
  },
  "packages": {
    "@citizenfx/client": ["@citizenfx/client@2.0.6624-1", "", {}, "sha512-oXv2lxmoDXXK6RrAdokyLIIv/DlyuTpxHbnEbY3skUyLLNpXjQI1mxgCg10K6fB67WLf2AXaQ9I4e6GSVysQcg=="],

    "@types/node": ["@types/node@20.4.8", "", {}, "sha512-0mHckf6D2DiIAzh8fM8f3HQCvMKDpK94YQ0DSVkfWTG9BZleYIWudw9cJxX8oCk9bM+vAkDyujDV6dmKHbvQpg=="],

    "bun-types": ["bun-types@1.3.13", "", { "dependencies": { "@types/node": "*" } }, "sha512-QXKeHLlOLqQX9LgYaHJfzdBaV21T63HhFJnvuRCcjZiaUDpbs5ED1MgxbMra71CsryN/1dAoXuJJJwIv/2drVA=="],

    "typescript": ["typescript@5.1.6", "", { "bin": { "tsc": "bin/tsc", "tsserver": "bin/tsserver" } }, "sha512-zaWCozRZ6DLEWAWFrVDz1H6FVXzUSfTy5FUMWsQlU8Ym5JP9eO4xkTIROFCQvhQf61z6O/G6ugw3SgAnvvm+HA=="],
  }
}
